
Microsoft Visual Studio Solution File, Format Version 12.00
# Visual Studio Version 17
VisualStudioVersion = 17.7.34024.191
MinimumVisualStudioVersion = 10.0.40219.1
Project("{FAE04EC0-301F-11D3-BF4B-00C04F79EFBC}") = "SistemaDeVentas.EntiendadesDeNegocio", "SistemaDeVentas.EntiendadesDeNegocio\SistemaDeVentas.EntiendadesDeNegocio.csproj", "{71B60F9B-A14A-489A-8893-24B0373E6F2D}"
EndProject
Project("{FAE04EC0-301F-11D3-BF4B-00C04F79EFBC}") = "SistemaDeVentas.AccesoADatos", "SistemaDeVentas.AccesoADatos\SistemaDeVentas.AccesoADatos.csproj", "{22D5AB4D-B401-42B9-BB7D-211B05970F40}"
EndProject
Project("{FAE04EC0-301F-11D3-BF4B-00C04F79EFBC}") = "SistemaDeVentas.LogicaDeNegocio", "SistemaDeVentas.LogicaDeNegocio\SistemaDeVentas.LogicaDeNegocio.csproj", "{C445524D-939C-448A-84F4-AC4BCE7C1DE0}"
EndProject
Project("{FAE04EC0-301F-11D3-BF4B-00C04F79EFBC}") = "SistemaDeVentas.PruebasUnitarias", "SistemaDeVentas.PruebasUnitarias\SistemaDeVentas.PruebasUnitarias.csproj", "{E6831527-66E2-46F5-92CF-E80AB9CFA9C6}"
EndProject
Project("{FAE04EC0-301F-11D3-BF4B-00C04F79EFBC}") = "SistemaDeVentas.WebAPI", "SistemaDeVentas.WebAPI\SistemaDeVentas.WebAPI.csproj", "{4AEC08D2-1048-450C-BB7B-06E8EBC9C363}"
EndProject
Global
	GlobalSection(SolutionConfigurationPlatforms) = preSolution
		Debug|Any CPU = Debug|Any CPU
		Release|Any CPU = Release|Any CPU
	EndGlobalSection
	GlobalSection(ProjectConfigurationPlatforms) = postSolution
		{71B60F9B-A14A-489A-8893-24B0373E6F2D}.Debug|Any CPU.ActiveCfg = Debug|Any CPU
		{71B60F9B-A14A-489A-8893-24B0373E6F2D}.Debug|Any CPU.Build.0 = Debug|Any CPU
		{71B60F9B-A14A-489A-8893-24B0373E6F2D}.Release|Any CPU.ActiveCfg = Release|Any CPU
		{71B60F9B-A14A-489A-8893-24B0373E6F2D}.Release|Any CPU.Build.0 = Release|Any CPU
		{22D5AB4D-B401-42B9-BB7D-211B05970F40}.Debug|Any CPU.ActiveCfg = Debug|Any CPU
		{22D5AB4D-B401-42B9-BB7D-211B05970F40}.Debug|Any CPU.Build.0 = Debug|Any CPU
		{22D5AB4D-B401-42B9-BB7D-211B05970F40}.Release|Any CPU.ActiveCfg = Release|Any CPU
		{22D5AB4D-B401-42B9-BB7D-211B05970F40}.Release|Any CPU.Build.0 = Release|Any CPU
		{C445524D-939C-448A-84F4-AC4BCE7C1DE0}.Debug|Any CPU.ActiveCfg = Debug|Any CPU
		{C445524D-939C-448A-84F4-AC4BCE7C1DE0}.Debug|Any CPU.Build.0 = Debug|Any CPU
		{C445524D-939C-448A-84F4-AC4BCE7C1DE0}.Release|Any CPU.ActiveCfg = Release|Any CPU
		{C445524D-939C-448A-84F4-AC4BCE7C1DE0}.Release|Any CPU.Build.0 = Release|Any CPU
		{E6831527-66E2-46F5-92CF-E80AB9CFA9C6}.Debug|Any CPU.ActiveCfg = Debug|Any CPU
		{E6831527-66E2-46F5-92CF-E80AB9CFA9C6}.Debug|Any CPU.Build.0 = Debug|Any CPU
		{E6831527-66E2-46F5-92CF-E80AB9CFA9C6}.Release|Any CPU.ActiveCfg = Release|Any CPU
		{E6831527-66E2-46F5-92CF-E80AB9CFA9C6}.Release|Any CPU.Build.0 = Release|Any CPU
		{4AEC08D2-1048-450C-BB7B-06E8EBC9C363}.Debug|Any CPU.ActiveCfg = Debug|Any CPU
		{4AEC08D2-1048-450C-BB7B-06E8EBC9C363}.Debug|Any CPU.Build.0 = Debug|Any CPU
		{4AEC08D2-1048-450C-BB7B-06E8EBC9C363}.Release|Any CPU.ActiveCfg = Release|Any CPU
		{4AEC08D2-1048-450C-BB7B-06E8EBC9C363}.Release|Any CPU.Build.0 = Release|Any CPU
	EndGlobalSection
	GlobalSection(SolutionProperties) = preSolution
		HideSolutionNode = FALSE
	EndGlobalSection
	GlobalSection(ExtensibilityGlobals) = postSolution
		SolutionGuid = {3CFE51DA-93C4-4D42-90C2-53F57C7E3C95}
	EndGlobalSection
EndGlobal
